
Microsoft Visual Studio Solution File, Format Version 12.00
# Visual Studio Version 17
VisualStudioVersion = 17.8.34511.84
MinimumVisualStudioVersion = 10.0.40219.1
Project("{9A19103F-16F7-4668-BE54-9A1E7A4F7556}") = "MakePlus.Domain", "MakePlus.Domain\MakePlus.Domain.csproj", "{A97A1B91-8D47-482F-8F79-FC6F3EB4A75B}"
EndProject
Project("{FAE04EC0-301F-11D3-BF4B-00C04F79EFBC}") = "MakePlus.Infraestructure", "MakePlus.Infraestructure\MakePlus.Infraestructure.csproj", "{980A4A12-9F8C-42FE-A79A-40F80CF922A1}"
EndProject
Project("{FAE04EC0-301F-11D3-BF4B-00C04F79EFBC}") = "MakePlus.API", "MakePlus.API\MakePlus.API.csproj", "{591B2EFC-2AFE-4A03-A3DD-6A8BEA4AE1FA}"
EndProject
Global
	GlobalSection(SolutionConfigurationPlatforms) = preSolution
		Debug|Any CPU = Debug|Any CPU
		Release|Any CPU = Release|Any CPU
	EndGlobalSection
	GlobalSection(ProjectConfigurationPlatforms) = postSolution
		{A97A1B91-8D47-482F-8F79-FC6F3EB4A75B}.Debug|Any CPU.ActiveCfg = Debug|Any CPU
		{A97A1B91-8D47-482F-8F79-FC6F3EB4A75B}.Debug|Any CPU.Build.0 = Debug|Any CPU
		{A97A1B91-8D47-482F-8F79-FC6F3EB4A75B}.Release|Any CPU.ActiveCfg = Release|Any CPU
		{A97A1B91-8D47-482F-8F79-FC6F3EB4A75B}.Release|Any CPU.Build.0 = Release|Any CPU
		{980A4A12-9F8C-42FE-A79A-40F80CF922A1}.Debug|Any CPU.ActiveCfg = Debug|Any CPU
		{980A4A12-9F8C-42FE-A79A-40F80CF922A1}.Debug|Any CPU.Build.0 = Debug|Any CPU
		{980A4A12-9F8C-42FE-A79A-40F80CF922A1}.Release|Any CPU.ActiveCfg = Release|Any CPU
		{980A4A12-9F8C-42FE-A79A-40F80CF922A1}.Release|Any CPU.Build.0 = Release|Any CPU
		{591B2EFC-2AFE-4A03-A3DD-6A8BEA4AE1FA}.Debug|Any CPU.ActiveCfg = Debug|Any CPU
		{591B2EFC-2AFE-4A03-A3DD-6A8BEA4AE1FA}.Debug|Any CPU.Build.0 = Debug|Any CPU
		{591B2EFC-2AFE-4A03-A3DD-6A8BEA4AE1FA}.Release|Any CPU.ActiveCfg = Release|Any CPU
		{591B2EFC-2AFE-4A03-A3DD-6A8BEA4AE1FA}.Release|Any CPU.Build.0 = Release|Any CPU
	EndGlobalSection
	GlobalSection(SolutionProperties) = preSolution
		HideSolutionNode = FALSE
	EndGlobalSection
	GlobalSection(ExtensibilityGlobals) = postSolution
		SolutionGuid = {329B53A8-FF57-4E14-A0A8-E143FF5A2352}
	EndGlobalSection
EndGlobal
